// !$*UTF8*$!
{
	archiveVersion = 1;
	classes = {
	};
	objectVersion = 56;
	objects = {

/* Begin PBXBuildFile section */
		E58B0F112BE0AC7A00ABC140 /* OnboardingScreensSwiftUIApp.swift in Sources */ = {isa = PBXBuildFile; fileRef = E58B0F102BE0AC7A00ABC140 /* OnboardingScreensSwiftUIApp.swift */; };
		E58B0F132BE0AC7A00ABC140 /* ContentView.swift in Sources */ = {isa = PBXBuildFile; fileRef = E58B0F122BE0AC7A00ABC140 /* ContentView.swift */; };
		E58B0F152BE0AC7C00ABC140 /* Assets.xcassets in Resources */ = {isa = PBXBuildFile; fileRef = E58B0F142BE0AC7C00ABC140 /* Assets.xcassets */; };
		E58B0F182BE0AC7C00ABC140 /* Preview Assets.xcassets in Resources */ = {isa = PBXBuildFile; fileRef = E58B0F172BE0AC7C00ABC140 /* Preview Assets.xcassets */; };
		E58B0F222BE0AC7C00ABC140 /* OnboardingScreensSwiftUITests.swift in Sources */ = {isa = PBXBuildFile; fileRef = E58B0F212BE0AC7C00ABC140 /* OnboardingScreensSwiftUITests.swift */; };
		E58B0F2C2BE0AC7C00ABC140 /* OnboardingScreensSwiftUIUITests.swift in Sources */ = {isa = PBXBuildFile; fileRef = E58B0F2B2BE0AC7C00ABC140 /* OnboardingScreensSwiftUIUITests.swift */; };
		E58B0F2E2BE0AC7C00ABC140 /* OnboardingScreensSwiftUIUITestsLaunchTests.swift in Sources */ = {isa = PBXBuildFile; fileRef = E58B0F2D2BE0AC7C00ABC140 /* OnboardingScreensSwiftUIUITestsLaunchTests.swift */; };
		E58B0F3B2BE0AD0D00ABC140 /* OnboardingView.swift in Sources */ = {isa = PBXBuildFile; fileRef = E58B0F3A2BE0AD0D00ABC140 /* OnboardingView.swift */; };
		E58B0F3F2BE0AD5B00ABC140 /* SlidingData.swift in Sources */ = {isa = PBXBuildFile; fileRef = E58B0F3E2BE0AD5B00ABC140 /* SlidingData.swift */; };
/* End PBXBuildFile section */

/* Begin PBXContainerItemProxy section */
		E58B0F1E2BE0AC7C00ABC140 /* PBXContainerItemProxy */ = {
			isa = PBXContainerItemProxy;
			containerPortal = E58B0F052BE0AC7A00ABC140 /* Project object */;
			proxyType = 1;
			remoteGlobalIDString = E58B0F0C2BE0AC7A00ABC140;
			remoteInfo = OnboardingScreensSwiftUI;
		};
		E58B0F282BE0AC7C00ABC140 /* PBXContainerItemProxy */ = {
			isa = PBXContainerItemProxy;
			containerPortal = E58B0F052BE0AC7A00ABC140 /* Project object */;
			proxyType = 1;
			remoteGlobalIDString = E58B0F0C2BE0AC7A00ABC140;
			remoteInfo = OnboardingScreensSwiftUI;
		};
/* End PBXContainerItemProxy section */

/* Begin PBXFileReference section */
		E58B0F0D2BE0AC7A00ABC140 /* OnboardingScreensSwiftUI.app */ = {isa = PBXFileReference; explicitFileType = wrapper.application; includeInIndex = 0; path = OnboardingScreensSwiftUI.app; sourceTree = BUILT_PRODUCTS_DIR; };
		E58B0F102BE0AC7A00ABC140 /* OnboardingScreensSwiftUIApp.swift */ = {isa = PBXFileReference; lastKnownFileType = sourcecode.swift; path = OnboardingScreensSwiftUIApp.swift; sourceTree = "<group>"; };
		E58B0F122BE0AC7A00ABC140 /* ContentView.swift */ = {isa = PBXFileReference; lastKnownFileType = sourcecode.swift; path = ContentView.swift; sourceTree = "<group>"; };
		E58B0F142BE0AC7C00ABC140 /* Assets.xcassets */ = {isa = PBXFileReference; lastKnownFileType = folder.assetcatalog; path = Assets.xcassets; sourceTree = "<group>"; };
		E58B0F172BE0AC7C00ABC140 /* Preview Assets.xcassets */ = {isa = PBXFileReference; lastKnownFileType = folder.assetcatalog; path = "Preview Assets.xcassets"; sourceTree = "<group>"; };
		E58B0F1D2BE0AC7C00ABC140 /* OnboardingScreensSwiftUITests.xctest */ = {isa = PBXFileReference; explicitFileType = wrapper.cfbundle; includeInIndex = 0; path = OnboardingScreensSwiftUITests.xctest; sourceTree = BUILT_PRODUCTS_DIR; };
		E58B0F212BE0AC7C00ABC140 /* OnboardingScreensSwiftUITests.swift */ = {isa = PBXFileReference; lastKnownFileType = sourcecode.swift; path = OnboardingScreensSwiftUITests.swift; sourceTree = "<group>"; };
		E58B0F272BE0AC7C00ABC140 /* OnboardingScreensSwiftUIUITests.xctest */ = {isa = PBXFileReference; explicitFileType = wrapper.cfbundle; includeInIndex = 0; path = OnboardingScreensSwiftUIUITests.xctest; sourceTree = BUILT_PRODUCTS_DIR; };
		E58B0F2B2BE0AC7C00ABC140 /* OnboardingScreensSwiftUIUITests.swift */ = {isa = PBXFileReference; lastKnownFileType = sourcecode.swift; path = OnboardingScreensSwiftUIUITests.swift; sourceTree = "<group>"; };
		E58B0F2D2BE0AC7C00ABC140 /* OnboardingScreensSwiftUIUITestsLaunchTests.swift */ = {isa = PBXFileReference; lastKnownFileType = sourcecode.swift; path = OnboardingScreensSwiftUIUITestsLaunchTests.swift; sourceTree = "<group>"; };
		E58B0F3A2BE0AD0D00ABC140 /* OnboardingView.swift */ = {isa = PBXFileReference; lastKnownFileType = sourcecode.swift; path = OnboardingView.swift; sourceTree = "<group>"; };
		E58B0F3E2BE0AD5B00ABC140 /* SlidingData.swift */ = {isa = PBXFileReference; lastKnownFileType = sourcecode.swift; path = SlidingData.swift; sourceTree = "<group>"; };
/* End PBXFileReference section */

/* Begin PBXFrameworksBuildPhase section */
		E58B0F0A2BE0AC7A00ABC140 /* Frameworks */ = {
			isa = PBXFrameworksBuildPhase;
			buildActionMask = 2147483647;
			files = (
			);
			runOnlyForDeploymentPostprocessing = 0;
		};
		E58B0F1A2BE0AC7C00ABC140 /* Frameworks */ = {
			isa = PBXFrameworksBuildPhase;
			buildActionMask = 2147483647;
			files = (
			);
			runOnlyForDeploymentPostprocessing = 0;
		};
		E58B0F242BE0AC7C00ABC140 /* Frameworks */ = {
			isa = PBXFrameworksBuildPhase;
			buildActionMask = 2147483647;
			files = (
			);
			runOnlyForDeploymentPostprocessing = 0;
		};
/* End PBXFrameworksBuildPhase section */

/* Begin PBXGroup section */
		E58B0F042BE0AC7A00ABC140 = {
			isa = PBXGroup;
			children = (
				E58B0F0F2BE0AC7A00ABC140 /* OnboardingScreensSwiftUI */,
				E58B0F202BE0AC7C00ABC140 /* OnboardingScreensSwiftUITests */,
				E58B0F2A2BE0AC7C00ABC140 /* OnboardingScreensSwiftUIUITests */,
				E58B0F0E2BE0AC7A00ABC140 /* Products */,
			);
			sourceTree = "<group>";
		};
		E58B0F0E2BE0AC7A00ABC140 /* Products */ = {
			isa = PBXGroup;
			children = (
				E58B0F0D2BE0AC7A00ABC140 /* OnboardingScreensSwiftUI.app */,
				E58B0F1D2BE0AC7C00ABC140 /* OnboardingScreensSwiftUITests.xctest */,
				E58B0F272BE0AC7C00ABC140 /* OnboardingScreensSwiftUIUITests.xctest */,
			);
			name = Products;
			sourceTree = "<group>";
		};
		E58B0F0F2BE0AC7A00ABC140 /* OnboardingScreensSwiftUI */ = {
			isa = PBXGroup;
			children = (
				E58B0F102BE0AC7A00ABC140 /* OnboardingScreensSwiftUIApp.swift */,
				E58B0F3D2BE0AD3000ABC140 /* Data */,
				E58B0F3C2BE0AD2400ABC140 /* Screens */,
				E58B0F142BE0AC7C00ABC140 /* Assets.xcassets */,
				E58B0F162BE0AC7C00ABC140 /* Preview Content */,
			);
			path = OnboardingScreensSwiftUI;
			sourceTree = "<group>";
		};
		E58B0F162BE0AC7C00ABC140 /* Preview Content */ = {
			isa = PBXGroup;
			children = (
				E58B0F172BE0AC7C00ABC140 /* Preview Assets.xcassets */,
			);
			path = "Preview Content";
			sourceTree = "<group>";
		};
		E58B0F202BE0AC7C00ABC140 /* OnboardingScreensSwiftUITests */ = {
			isa = PBXGroup;
			children = (
				E58B0F212BE0AC7C00ABC140 /* OnboardingScreensSwiftUITests.swift */,
			);
			path = OnboardingScreensSwiftUITests;
			sourceTree = "<group>";
		};
		E58B0F2A2BE0AC7C00ABC140 /* OnboardingScreensSwiftUIUITests */ = {
			isa = PBXGroup;
			children = (
				E58B0F2B2BE0AC7C00ABC140 /* OnboardingScreensSwiftUIUITests.swift */,
				E58B0F2D2BE0AC7C00ABC140 /* OnboardingScreensSwiftUIUITestsLaunchTests.swift */,
			);
			path = OnboardingScreensSwiftUIUITests;
			sourceTree = "<group>";
		};
		E58B0F3C2BE0AD2400ABC140 /* Screens */ = {
			isa = PBXGroup;
			children = (
				E58B0F122BE0AC7A00ABC140 /* ContentView.swift */,
				E58B0F3A2BE0AD0D00ABC140 /* OnboardingView.swift */,
			);
			path = Screens;
			sourceTree = "<group>";
		};
		E58B0F3D2BE0AD3000ABC140 /* Data */ = {
			isa = PBXGroup;
			children = (
				E58B0F3E2BE0AD5B00ABC140 /* SlidingData.swift */,
			);
			path = Data;
			sourceTree = "<group>";
		};
/* End PBXGroup section */

/* Begin PBXNativeTarget section */
		E58B0F0C2BE0AC7A00ABC140 /* OnboardingScreensSwiftUI */ = {
			isa = PBXNativeTarget;
			buildConfigurationList = E58B0F312BE0AC7C00ABC140 /* Build configuration list for PBXNativeTarget "OnboardingScreensSwiftUI" */;
			buildPhases = (
				E58B0F092BE0AC7A00ABC140 /* Sources */,
				E58B0F0A2BE0AC7A00ABC140 /* Frameworks */,
				E58B0F0B2BE0AC7A00ABC140 /* Resources */,
			);
			buildRules = (
			);
			dependencies = (
			);
			name = OnboardingScreensSwiftUI;
			productName = OnboardingScreensSwiftUI;
			productReference = E58B0F0D2BE0AC7A00ABC140 /* OnboardingScreensSwiftUI.app */;
			productType = "com.apple.product-type.application";
		};
		E58B0F1C2BE0AC7C00ABC140 /* OnboardingScreensSwiftUITests */ = {
			isa = PBXNativeTarget;
			buildConfigurationList = E58B0F342BE0AC7C00ABC140 /* Build configuration list for PBXNativeTarget "OnboardingScreensSwiftUITests" */;
			buildPhases = (
				E58B0F192BE0AC7C00ABC140 /* Sources */,
				E58B0F1A2BE0AC7C00ABC140 /* Frameworks */,
				E58B0F1B2BE0AC7C00ABC140 /* Resources */,
			);
			buildRules = (
			);
			dependencies = (
				E58B0F1F2BE0AC7C00ABC140 /* PBXTargetDependency */,
			);
			name = OnboardingScreensSwiftUITests;
			productName = OnboardingScreensSwiftUITests;
			productReference = E58B0F1D2BE0AC7C00ABC140 /* OnboardingScreensSwiftUITests.xctest */;
			productType = "com.apple.product-type.bundle.unit-test";
		};
		E58B0F262BE0AC7C00ABC140 /* OnboardingScreensSwiftUIUITests */ = {
			isa = PBXNativeTarget;
			buildConfigurationList = E58B0F372BE0AC7C00ABC140 /* Build configuration list for PBXNativeTarget "OnboardingScreensSwiftUIUITests" */;
			buildPhases = (
				E58B0F232BE0AC7C00ABC140 /* Sources */,
				E58B0F242BE0AC7C00ABC140 /* Frameworks */,
				E58B0F252BE0AC7C00ABC140 /* Resources */,
			);
			buildRules = (
			);
			dependencies = (
				E58B0F292BE0AC7C00ABC140 /* PBXTargetDependency */,
			);
			name = OnboardingScreensSwiftUIUITests;
			productName = OnboardingScreensSwiftUIUITests;
			productReference = E58B0F272BE0AC7C00ABC140 /* OnboardingScreensSwiftUIUITests.xctest */;
			productType = "com.apple.product-type.bundle.ui-testing";
		};
/* End PBXNativeTarget section */

/* Begin PBXProject section */
		E58B0F052BE0AC7A00ABC140 /* Project object */ = {
			isa = PBXProject;
			attributes = {
				BuildIndependentTargetsInParallel = 1;
				LastSwiftUpdateCheck = 1530;
				LastUpgradeCheck = 1530;
				TargetAttributes = {
					E58B0F0C2BE0AC7A00ABC140 = {
						CreatedOnToolsVersion = 15.3;
					};
					E58B0F1C2BE0AC7C00ABC140 = {
						CreatedOnToolsVersion = 15.3;
						TestTargetID = E58B0F0C2BE0AC7A00ABC140;
					};
					E58B0F262BE0AC7C00ABC140 = {
						CreatedOnToolsVersion = 15.3;
						TestTargetID = E58B0F0C2BE0AC7A00ABC140;
					};
				};
			};
			buildConfigurationList = E58B0F082BE0AC7A00ABC140 /* Build configuration list for PBXProject "OnboardingScreensSwiftUI" */;
			compatibilityVersion = "Xcode 14.0";
			developmentRegion = en;
			hasScannedForEncodings = 0;
			knownRegions = (
				en,
				Base,
			);
			mainGroup = E58B0F042BE0AC7A00ABC140;
			productRefGroup = E58B0F0E2BE0AC7A00ABC140 /* Products */;
			projectDirPath = "";
			projectRoot = "";
			targets = (
				E58B0F0C2BE0AC7A00ABC140 /* OnboardingScreensSwiftUI */,
				E58B0F1C2BE0AC7C00ABC140 /* OnboardingScreensSwiftUITests */,
				E58B0F262BE0AC7C00ABC140 /* OnboardingScreensSwiftUIUITests */,
			);
		};
/* End PBXProject section */

/* Begin PBXResourcesBuildPhase section */
		E58B0F0B2BE0AC7A00ABC140 /* Resources */ = {
			isa = PBXResourcesBuildPhase;
			buildActionMask = 2147483647;
			files = (
				E58B0F182BE0AC7C00ABC140 /* Preview Assets.xcassets in Resources */,
				E58B0F152BE0AC7C00ABC140 /* Assets.xcassets in Resources */,
			);
			runOnlyForDeploymentPostprocessing = 0;
		};
		E58B0F1B2BE0AC7C00ABC140 /* Resources */ = {
			isa = PBXResourcesBuildPhase;
			buildActionMask = 2147483647;
			files = (
			);
			runOnlyForDeploymentPostprocessing = 0;
		};
		E58B0F252BE0AC7C00ABC140 /* Resources */ = {
			isa = PBXResourcesBuildPhase;
			buildActionMask = 2147483647;
			files = (
			);
			runOnlyForDeploymentPostprocessing = 0;
		};
/* End PBXResourcesBuildPhase section */

/* Begin PBXSourcesBuildPhase section */
		E58B0F092BE0AC7A00ABC140 /* Sources */ = {
			isa = PBXSourcesBuildPhase;
			buildActionMask = 2147483647;
			files = (
				E58B0F3F2BE0AD5B00ABC140 /* SlidingData.swift in Sources */,
				E58B0F3B2BE0AD0D00ABC140 /* OnboardingView.swift in Sources */,
				E58B0F132BE0AC7A00ABC140 /* ContentView.swift in Sources */,
				E58B0F112BE0AC7A00ABC140 /* OnboardingScreensSwiftUIApp.swift in Sources */,
			);
			runOnlyForDeploymentPostprocessing = 0;
		};
		E58B0F192BE0AC7C00ABC140 /* Sources */ = {
			isa = PBXSourcesBuildPhase;
			buildActionMask = 2147483647;
			files = (
				E58B0F222BE0AC7C00ABC140 /* OnboardingScreensSwiftUITests.swift in Sources */,
			);
			runOnlyForDeploymentPostprocessing = 0;
		};
		E58B0F232BE0AC7C00ABC140 /* Sources */ = {
			isa = PBXSourcesBuildPhase;
			buildActionMask = 2147483647;
			files = (
				E58B0F2C2BE0AC7C00ABC140 /* OnboardingScreensSwiftUIUITests.swift in Sources */,
				E58B0F2E2BE0AC7C00ABC140 /* OnboardingScreensSwiftUIUITestsLaunchTests.swift in Sources */,
			);
			runOnlyForDeploymentPostprocessing = 0;
		};
/* End PBXSourcesBuildPhase section */

/* Begin PBXTargetDependency section */
		E58B0F1F2BE0AC7C00ABC140 /* PBXTargetDependency */ = {
			isa = PBXTargetDependency;
			target = E58B0F0C2BE0AC7A00ABC140 /* OnboardingScreensSwiftUI */;
			targetProxy = E58B0F1E2BE0AC7C00ABC140 /* PBXContainerItemProxy */;
		};
		E58B0F292BE0AC7C00ABC140 /* PBXTargetDependency */ = {
			isa = PBXTargetDependency;
			target = E58B0F0C2BE0AC7A00ABC140 /* OnboardingScreensSwiftUI */;
			targetProxy = E58B0F282BE0AC7C00ABC140 /* PBXContainerItemProxy */;
		};
/* End PBXTargetDependency section */

/* Begin XCBuildConfiguration section */
		E58B0F2F2BE0AC7C00ABC140 /* Debug */ = {
			isa = XCBuildConfiguration;
			buildSettings = {
				ALWAYS_SEARCH_USER_PATHS = NO;
				ASSETCATALOG_COMPILER_GENERATE_SWIFT_ASSET_SYMBOL_EXTENSIONS = YES;
				CLANG_ANALYZER_NONNULL = YES;
				CLANG_ANALYZER_NUMBER_OBJECT_CONVERSION = YES_AGGRESSIVE;
				CLANG_CXX_LANGUAGE_STANDARD = "gnu++20";
				CLANG_ENABLE_MODULES = YES;
				CLANG_ENABLE_OBJC_ARC = YES;
				CLANG_ENABLE_OBJC_WEAK = YES;
				CLANG_WARN_BLOCK_CAPTURE_AUTORELEASING = YES;
				CLANG_WARN_BOOL_CONVERSION = YES;
				CLANG_WARN_COMMA = YES;
				CLANG_WARN_CONSTANT_CONVERSION = YES;
				CLANG_WARN_DEPRECATED_OBJC_IMPLEMENTATIONS = YES;
				CLANG_WARN_DIRECT_OBJC_ISA_USAGE = YES_ERROR;
				CLANG_WARN_DOCUMENTATION_COMMENTS = YES;
				CLANG_WARN_EMPTY_BODY = YES;
				CLANG_WARN_ENUM_CONVERSION = YES;
				CLANG_WARN_INFINITE_RECURSION = YES;
				CLANG_WARN_INT_CONVERSION = YES;
				CLANG_WARN_NON_LITERAL_NULL_CONVERSION = YES;
				CLANG_WARN_OBJC_IMPLICIT_RETAIN_SELF = YES;
				CLANG_WARN_OBJC_LITERAL_CONVERSION = YES;
				CLANG_WARN_OBJC_ROOT_CLASS = YES_ERROR;
				CLANG_WARN_QUOTED_INCLUDE_IN_FRAMEWORK_HEADER = YES;
				CLANG_WARN_RANGE_LOOP_ANALYSIS = YES;
				CLANG_WARN_STRICT_PROTOTYPES = YES;
				CLANG_WARN_SUSPICIOUS_MOVE = YES;
				CLANG_WARN_UNGUARDED_AVAILABILITY = YES_AGGRESSIVE;
				CLANG_WARN_UNREACHABLE_CODE = YES;
				CLANG_WARN__DUPLICATE_METHOD_MATCH = YES;
				COPY_PHASE_STRIP = NO;
				DEBUG_INFORMATION_FORMAT = dwarf;
				ENABLE_STRICT_OBJC_MSGSEND = YES;
				ENABLE_TESTABILITY = YES;
				ENABLE_USER_SCRIPT_SANDBOXING = YES;
				GCC_C_LANGUAGE_STANDARD = gnu17;
				GCC_DYNAMIC_NO_PIC = NO;
				GCC_NO_COMMON_BLOCKS = YES;
				GCC_OPTIMIZATION_LEVEL = 0;
				GCC_PREPROCESSOR_DEFINITIONS = (
					"DEBUG=1",
					"$(inherited)",
				);
				GCC_WARN_64_TO_32_BIT_CONVERSION = YES;
				GCC_WARN_ABOUT_RETURN_TYPE = YES_ERROR;
				GCC_WARN_UNDECLARED_SELECTOR = YES;
				GCC_WARN_UNINITIALIZED_AUTOS = YES_AGGRESSIVE;
				GCC_WARN_UNUSED_FUNCTION = YES;
				GCC_WARN_UNUSED_VARIABLE = YES;
				IPHONEOS_DEPLOYMENT_TARGET = 17.4;
				LOCALIZATION_PREFERS_STRING_CATALOGS = YES;
				MTL_ENABLE_DEBUG_INFO = INCLUDE_SOURCE;
				MTL_FAST_MATH = YES;
				ONLY_ACTIVE_ARCH = YES;
				SDKROOT = iphoneos;
				SWIFT_ACTIVE_COMPILATION_CONDITIONS = "DEBUG $(inherited)";
				SWIFT_OPTIMIZATION_LEVEL = "-Onone";
			};
			name = Debug;
		};
		E58B0F302BE0AC7C00ABC140 /* Release */ = {
			isa = XCBuildConfiguration;
			buildSettings = {
				ALWAYS_SEARCH_USER_PATHS = NO;
				ASSETCATALOG_COMPILER_GENERATE_SWIFT_ASSET_SYMBOL_EXTENSIONS = YES;
				CLANG_ANALYZER_NONNULL = YES;
				CLANG_ANALYZER_NUMBER_OBJECT_CONVERSION = YES_AGGRESSIVE;
				CLANG_CXX_LANGUAGE_STANDARD = "gnu++20";
				CLANG_ENABLE_MODULES = YES;
				CLANG_ENABLE_OBJC_ARC = YES;
				CLANG_ENABLE_OBJC_WEAK = YES;
				CLANG_WARN_BLOCK_CAPTURE_AUTORELEASING = YES;
				CLANG_WARN_BOOL_CONVERSION = YES;
				CLANG_WARN_COMMA = YES;
				CLANG_WARN_CONSTANT_CONVERSION = YES;
				CLANG_WARN_DEPRECATED_OBJC_IMPLEMENTATIONS = YES;
				CLANG_WARN_DIRECT_OBJC_ISA_USAGE = YES_ERROR;
				CLANG_WARN_DOCUMENTATION_COMMENTS = YES;
				CLANG_WARN_EMPTY_BODY = YES;
				CLANG_WARN_ENUM_CONVERSION = YES;
				CLANG_WARN_INFINITE_RECURSION = YES;
				CLANG_WARN_INT_CONVERSION = YES;
				CLANG_WARN_NON_LITERAL_NULL_CONVERSION = YES;
				CLANG_WARN_OBJC_IMPLICIT_RETAIN_SELF = YES;
				CLANG_WARN_OBJC_LITERAL_CONVERSION = YES;
				CLANG_WARN_OBJC_ROOT_CLASS = YES_ERROR;
				CLANG_WARN_QUOTED_INCLUDE_IN_FRAMEWORK_HEADER = YES;
				CLANG_WARN_RANGE_LOOP_ANALYSIS = YES;
				CLANG_WARN_STRICT_PROTOTYPES = YES;
				CLANG_WARN_SUSPICIOUS_MOVE = YES;
				CLANG_WARN_UNGUARDED_AVAILABILITY = YES_AGGRESSIVE;
				CLANG_WARN_UNREACHABLE_CODE = YES;
				CLANG_WARN__DUPLICATE_METHOD_MATCH = YES;
				COPY_PHASE_STRIP = NO;
				DEBUG_INFORMATION_FORMAT = "dwarf-with-dsym";
				ENABLE_NS_ASSERTIONS = NO;
				ENABLE_STRICT_OBJC_MSGSEND = YES;
				ENABLE_USER_SCRIPT_SANDBOXING = YES;
				GCC_C_LANGUAGE_STANDARD = gnu17;
				GCC_NO_COMMON_BLOCKS = YES;
				GCC_WARN_64_TO_32_BIT_CONVERSION = YES;
				GCC_WARN_ABOUT_RETURN_TYPE = YES_ERROR;
				GCC_WARN_UNDECLARED_SELECTOR = YES;
				GCC_WARN_UNINITIALIZED_AUTOS = YES_AGGRESSIVE;
				GCC_WARN_UNUSED_FUNCTION = YES;
				GCC_WARN_UNUSED_VARIABLE = YES;
				IPHONEOS_DEPLOYMENT_TARGET = 17.4;
				LOCALIZATION_PREFERS_STRING_CATALOGS = YES;
				MTL_ENABLE_DEBUG_INFO = NO;
				MTL_FAST_MATH = YES;
				SDKROOT = iphoneos;
				SWIFT_COMPILATION_MODE = wholemodule;
				VALIDATE_PRODUCT = YES;
			};
			name = Release;
		};
		E58B0F322BE0AC7C00ABC140 /* Debug */ = {
			isa = XCBuildConfiguration;
			buildSettings = {
				ASSETCATALOG_COMPILER_APPICON_NAME = AppIcon;
				ASSETCATALOG_COMPILER_GLOBAL_ACCENT_COLOR_NAME = AccentColor;
				CODE_SIGN_STYLE = Automatic;
				CURRENT_PROJECT_VERSION = 1;
				DEVELOPMENT_ASSET_PATHS = "\"OnboardingScreensSwiftUI/Preview Content\"";
				ENABLE_PREVIEWS = YES;
				GENERATE_INFOPLIST_FILE = YES;
				INFOPLIST_KEY_UIApplicationSceneManifest_Generation = YES;
				INFOPLIST_KEY_UIApplicationSupportsIndirectInputEvents = YES;
				INFOPLIST_KEY_UILaunchScreen_Generation = YES;
				INFOPLIST_KEY_UISupportedInterfaceOrientations_iPad = "UIInterfaceOrientationPortrait UIInterfaceOrientationPortraitUpsideDown UIInterfaceOrientationLandscapeLeft UIInterfaceOrientationLandscapeRight";
				INFOPLIST_KEY_UISupportedInterfaceOrientations_iPhone = "UIInterfaceOrientationPortrait UIInterfaceOrientationLandscapeLeft UIInterfaceOrientationLandscapeRight";
				LD_RUNPATH_SEARCH_PATHS = (
					"$(inherited)",
					"@executable_path/Frameworks",
				);
				MARKETING_VERSION = 1.0;
				PRODUCT_BUNDLE_IDENTIFIER = com.OnboardingScreensSwiftUI;
				PRODUCT_NAME = "$(TARGET_NAME)";
				SWIFT_EMIT_LOC_STRINGS = YES;
				SWIFT_VERSION = 5.0;
				TARGETED_DEVICE_FAMILY = "1,2";
			};
			name = Debug;
		};
		E58B0F332BE0AC7C00ABC140 /* Release */ = {
			isa = XCBuildConfiguration;
			buildSettings = {
				ASSETCATALOG_COMPILER_APPICON_NAME = AppIcon;
				ASSETCATALOG_COMPILER_GLOBAL_ACCENT_COLOR_NAME = AccentColor;
				CODE_SIGN_STYLE = Automatic;
				CURRENT_PROJECT_VERSION = 1;
				DEVELOPMENT_ASSET_PATHS = "\"OnboardingScreensSwiftUI/Preview Content\"";
				ENABLE_PREVIEWS = YES;
				GENERATE_INFOPLIST_FILE = YES;
				INFOPLIST_KEY_UIApplicationSceneManifest_Generation = YES;
				INFOPLIST_KEY_UIApplicationSupportsIndirectInputEvents = YES;
				INFOPLIST_KEY_UILaunchScreen_Generation = YES;
				INFOPLIST_KEY_UISupportedInterfaceOrientations_iPad = "UIInterfaceOrientationPortrait UIInterfaceOrientationPortraitUpsideDown UIInterfaceOrientationLandscapeLeft UIInterfaceOrientationLandscapeRight";
				INFOPLIST_KEY_UISupportedInterfaceOrientations_iPhone = "UIInterfaceOrientationPortrait UIInterfaceOrientationLandscapeLeft UIInterfaceOrientationLandscapeRight";
				LD_RUNPATH_SEARCH_PATHS = (
					"$(inherited)",
					"@executable_path/Frameworks",
				);
				MARKETING_VERSION = 1.0;
				PRODUCT_BUNDLE_IDENTIFIER = com.OnboardingScreensSwiftUI;
				PRODUCT_NAME = "$(TARGET_NAME)";
				SWIFT_EMIT_LOC_STRINGS = YES;
				SWIFT_VERSION = 5.0;
				TARGETED_DEVICE_FAMILY = "1,2";
			};
			name = Release;
		};
		E58B0F352BE0AC7C00ABC140 /* Debug */ = {
			isa = XCBuildConfiguration;
			buildSettings = {
				ALWAYS_EMBED_SWIFT_STANDARD_LIBRARIES = YES;
				BUNDLE_LOADER = "$(TEST_HOST)";
				CODE_SIGN_STYLE = Automatic;
				CURRENT_PROJECT_VERSION = 1;
				GENERATE_INFOPLIST_FILE = YES;
				IPHONEOS_DEPLOYMENT_TARGET = 17.4;
				MARKETING_VERSION = 1.0;
				PRODUCT_BUNDLE_IDENTIFIER = com.OnboardingScreensSwiftUITests;
				PRODUCT_NAME = "$(TARGET_NAME)";
				SWIFT_EMIT_LOC_STRINGS = NO;
				SWIFT_VERSION = 5.0;
				TARGETED_DEVICE_FAMILY = "1,2";
				TEST_HOST = "$(BUILT_PRODUCTS_DIR)/OnboardingScreensSwiftUI.app/$(BUNDLE_EXECUTABLE_FOLDER_PATH)/OnboardingScreensSwiftUI";
			};
			name = Debug;
		};
		E58B0F362BE0AC7C00ABC140 /* Release */ = {
			isa = XCBuildConfiguration;
			buildSettings = {
				ALWAYS_EMBED_SWIFT_STANDARD_LIBRARIES = YES;
				BUNDLE_LOADER = "$(TEST_HOST)";
				CODE_SIGN_STYLE = Automatic;
				CURRENT_PROJECT_VERSION = 1;
				GENERATE_INFOPLIST_FILE = YES;
				IPHONEOS_DEPLOYMENT_TARGET = 17.4;
				MARKETING_VERSION = 1.0;
				PRODUCT_BUNDLE_IDENTIFIER = com.OnboardingScreensSwiftUITests;
				PRODUCT_NAME = "$(TARGET_NAME)";
				SWIFT_EMIT_LOC_STRINGS = NO;
				SWIFT_VERSION = 5.0;
				TARGETED_DEVICE_FAMILY = "1,2";
				TEST_HOST = "$(BUILT_PRODUCTS_DIR)/OnboardingScreensSwiftUI.app/$(BUNDLE_EXECUTABLE_FOLDER_PATH)/OnboardingScreensSwiftUI";
			};
			name = Release;
		};
		E58B0F382BE0AC7C00ABC140 /* Debug */ = {
			isa = XCBuildConfiguration;
			buildSettings = {
				ALWAYS_EMBED_SWIFT_STANDARD_LIBRARIES = YES;
				CODE_SIGN_STYLE = Automatic;
				CURRENT_PROJECT_VERSION = 1;
				GENERATE_INFOPLIST_FILE = YES;
				MARKETING_VERSION = 1.0;
				PRODUCT_BUNDLE_IDENTIFIER = com.OnboardingScreensSwiftUIUITests;
				PRODUCT_NAME = "$(TARGET_NAME)";
				SWIFT_EMIT_LOC_STRINGS = NO;
				SWIFT_VERSION = 5.0;
				TARGETED_DEVICE_FAMILY = "1,2";
				TEST_TARGET_NAME = OnboardingScreensSwiftUI;
			};
			name = Debug;
		};
		E58B0F392BE0AC7C00ABC140 /* Release */ = {
			isa = XCBuildConfiguration;
			buildSettings = {
				ALWAYS_EMBED_SWIFT_STANDARD_LIBRARIES = YES;
				CODE_SIGN_STYLE = Automatic;
				CURRENT_PROJECT_VERSION = 1;
				GENERATE_INFOPLIST_FILE = YES;
				MARKETING_VERSION = 1.0;
				PRODUCT_BUNDLE_IDENTIFIER = com.OnboardingScreensSwiftUIUITests;
				PRODUCT_NAME = "$(TARGET_NAME)";
				SWIFT_EMIT_LOC_STRINGS = NO;
				SWIFT_VERSION = 5.0;
				TARGETED_DEVICE_FAMILY = "1,2";
				TEST_TARGET_NAME = OnboardingScreensSwiftUI;
			};
			name = Release;
		};
/* End XCBuildConfiguration section */

/* Begin XCConfigurationList section */
		E58B0F082BE0AC7A00ABC140 /* Build configuration list for PBXProject "OnboardingScreensSwiftUI" */ = {
			isa = XCConfigurationList;
			buildConfigurations = (
				E58B0F2F2BE0AC7C00ABC140 /* Debug */,
				E58B0F302BE0AC7C00ABC140 /* Release */,
			);
			defaultConfigurationIsVisible = 0;
			defaultConfigurationName = Release;
		};
		E58B0F312BE0AC7C00ABC140 /* Build configuration list for PBXNativeTarget "OnboardingScreensSwiftUI" */ = {
			isa = XCConfigurationList;
			buildConfigurations = (
				E58B0F322BE0AC7C00ABC140 /* Debug */,
				E58B0F332BE0AC7C00ABC140 /* Release */,
			);
			defaultConfigurationIsVisible = 0;
			defaultConfigurationName = Release;
		};
		E58B0F342BE0AC7C00ABC140 /* Build configuration list for PBXNativeTarget "OnboardingScreensSwiftUITests" */ = {
			isa = XCConfigurationList;
			buildConfigurations = (
				E58B0F352BE0AC7C00ABC140 /* Debug */,
				E58B0F362BE0AC7C00ABC140 /* Release */,
			);
			defaultConfigurationIsVisible = 0;
			defaultConfigurationName = Release;
		};
		E58B0F372BE0AC7C00ABC140 /* Build configuration list for PBXNativeTarget "OnboardingScreensSwiftUIUITests" */ = {
			isa = XCConfigurationList;
			buildConfigurations = (
				E58B0F382BE0AC7C00ABC140 /* Debug */,
				E58B0F392BE0AC7C00ABC140 /* Release */,
			);
			defaultConfigurationIsVisible = 0;
			defaultConfigurationName = Release;
		};
/* End XCConfigurationList section */
	};
	rootObject = E58B0F052BE0AC7A00ABC140 /* Project object */;
}
